
Microsoft Visual Studio Solution File, Format Version 12.00
# Visual Studio 15
VisualStudioVersion = 15.0.27703.2047
MinimumVisualStudioVersion = 10.0.40219.1
Project("{FAE04EC0-301F-11D3-BF4B-00C04F79EFBC}") = "DisplayingName Exercise", "DisplayingName Exercise\DisplayingName Exercise.csproj", "{B86F10FA-A02A-47E9-BEB3-568B7A9BB99C}"
EndProject
Global
	GlobalSection(SolutionConfigurationPlatforms) = preSolution
		Debug|Any CPU = Debug|Any CPU
		Release|Any CPU = Release|Any CPU
	EndGlobalSection
	GlobalSection(ProjectConfigurationPlatforms) = postSolution
		{B86F10FA-A02A-47E9-BEB3-568B7A9BB99C}.Debug|Any CPU.ActiveCfg = Debug|Any CPU
		{B86F10FA-A02A-47E9-BEB3-568B7A9BB99C}.Debug|Any CPU.Build.0 = Debug|Any CPU
		{B86F10FA-A02A-47E9-BEB3-568B7A9BB99C}.Release|Any CPU.ActiveCfg = Release|Any CPU
		{B86F10FA-A02A-47E9-BEB3-568B7A9BB99C}.Release|Any CPU.Build.0 = Release|Any CPU
	EndGlobalSection
	GlobalSection(SolutionProperties) = preSolution
		HideSolutionNode = FALSE
	EndGlobalSection
	GlobalSection(ExtensibilityGlobals) = postSolution
		SolutionGuid = {6240863A-3EAC-43E1-9E54-19A993D9CE63}
	EndGlobalSection
EndGlobal
